
Microsoft Visual Studio Solution File, Format Version 12.00
# Visual Studio 15
VisualStudioVersion = 15.0.27004.2006
MinimumVisualStudioVersion = 10.0.40219.1
Project("{FAE04EC0-301F-11D3-BF4B-00C04F79EFBC}") = "Quiron.LojaVirtual.Web", "Quiron.LojaVirtual.Web\Quiron.LojaVirtual.Web.csproj", "{C70FE6D8-A0DA-47F7-A401-21FBCFBB4C59}"
EndProject
Project("{FAE04EC0-301F-11D3-BF4B-00C04F79EFBC}") = "Quiron.LojaVirtual.Dominio", "Quiron.LojaVirtual.Dominio\Quiron.LojaVirtual.Dominio.csproj", "{9A61735A-3A89-449A-9F6D-D55BE3696885}"
EndProject
Project("{FAE04EC0-301F-11D3-BF4B-00C04F79EFBC}") = "Quiron.LojaVirtual.UnitTest", "Quiron.LojaVirtual.UnitTest\Quiron.LojaVirtual.UnitTest.csproj", "{B02E8285-AAF7-4505-87D3-419717F7FAFB}"
EndProject
Global
	GlobalSection(SolutionConfigurationPlatforms) = preSolution
		Debug|Any CPU = Debug|Any CPU
		Release|Any CPU = Release|Any CPU
	EndGlobalSection
	GlobalSection(ProjectConfigurationPlatforms) = postSolution
		{C70FE6D8-A0DA-47F7-A401-21FBCFBB4C59}.Debug|Any CPU.ActiveCfg = Debug|Any CPU
		{C70FE6D8-A0DA-47F7-A401-21FBCFBB4C59}.Debug|Any CPU.Build.0 = Debug|Any CPU
		{C70FE6D8-A0DA-47F7-A401-21FBCFBB4C59}.Release|Any CPU.ActiveCfg = Release|Any CPU
		{C70FE6D8-A0DA-47F7-A401-21FBCFBB4C59}.Release|Any CPU.Build.0 = Release|Any CPU
		{9A61735A-3A89-449A-9F6D-D55BE3696885}.Debug|Any CPU.ActiveCfg = Debug|Any CPU
		{9A61735A-3A89-449A-9F6D-D55BE3696885}.Debug|Any CPU.Build.0 = Debug|Any CPU
		{9A61735A-3A89-449A-9F6D-D55BE3696885}.Release|Any CPU.ActiveCfg = Release|Any CPU
		{9A61735A-3A89-449A-9F6D-D55BE3696885}.Release|Any CPU.Build.0 = Release|Any CPU
		{B02E8285-AAF7-4505-87D3-419717F7FAFB}.Debug|Any CPU.ActiveCfg = Debug|Any CPU
		{B02E8285-AAF7-4505-87D3-419717F7FAFB}.Debug|Any CPU.Build.0 = Debug|Any CPU
		{B02E8285-AAF7-4505-87D3-419717F7FAFB}.Release|Any CPU.ActiveCfg = Release|Any CPU
		{B02E8285-AAF7-4505-87D3-419717F7FAFB}.Release|Any CPU.Build.0 = Release|Any CPU
	EndGlobalSection
	GlobalSection(SolutionProperties) = preSolution
		HideSolutionNode = FALSE
	EndGlobalSection
	GlobalSection(ExtensibilityGlobals) = postSolution
		SolutionGuid = {EC4883D0-0FED-4283-9AEB-E8932536DDFB}
	EndGlobalSection
EndGlobal
